{
  "nodes": {
    "nixpkgs": {
      "locked": {
        "lastModified": 1684049129,
        "narHash": "sha256-7WB9LpnPNAS8oI7hMoHeKLNhRX7k3CI9uWBRSfmOCCE=",
        "owner": "NixOS",
        "repo": "nixpkgs",
        "rev": "0470f36b02ef01d4f43c641bbf07020bcab71bf1",
        "type": "github"
      },
      "original": {
        "id": "nixpkgs",
        "ref": "nixos-unstable",
        "type": "indirect"
      }
    },
    "root": {
      "inputs": {
        "nixpkgs": "nixpkgs"
      }
    }
  },
  "root": "root",
  "version": 7
}
