{
  "name": "lastfm",
  "version": "0.9.3",
  "lockfileVersion": 2,
  "requires": true,
  "packages": {
    "": {
      "name": "lastfm",
      "version": "0.9.3",
      "license": "MIT",
      "dependencies": {
        "underscore": "~1.13.6"
      },
      "devDependencies": {
        "gently": "^0.10.0"
      }
    },
    "node_modules/gently": {
      "version": "0.10.0",
      "resolved": "https://registry.npmjs.org/gently/-/gently-0.10.0.tgz",
      "integrity": "sha512-bWfstBTq/A73upQJ5zaJONPlYwhpD1K7s3YwHY5kyHbcTgr2A0/SBpn0NxtEhktgRtRMGEfC9zDZ/QHPvhzQ1Q==",
      "dev": true,
      "engines": {
        "node": "*"
      }
    },
    "node_modules/underscore": {
      "version": "1.13.6",
      "resolved": "https://registry.npmjs.org/underscore/-/underscore-1.13.6.tgz",
      "integrity": "sha512-+A5Sja4HP1M08MaXya7p5LvjuM7K6q/2EaC0+iovj/wOcMsTzMvDFbasi/oSapiwOlt252IqsKqPjCl7huKS0A=="
    }
  },
  "dependencies": {
    "gently": {
      "version": "0.10.0",
      "resolved": "https://registry.npmjs.org/gently/-/gently-0.10.0.tgz",
      "integrity": "sha512-bWfstBTq/A73upQJ5zaJONPlYwhpD1K7s3YwHY5kyHbcTgr2A0/SBpn0NxtEhktgRtRMGEfC9zDZ/QHPvhzQ1Q==",
      "dev": true
    },
    "underscore": {
      "version": "1.13.6",
      "resolved": "https://registry.npmjs.org/underscore/-/underscore-1.13.6.tgz",
      "integrity": "sha512-+A5Sja4HP1M08MaXya7p5LvjuM7K6q/2EaC0+iovj/wOcMsTzMvDFbasi/oSapiwOlt252IqsKqPjCl7huKS0A=="
    }
  }
}
